
Microsoft Visual Studio Solution File, Format Version 12.00
# Visual Studio Version 17
VisualStudioVersion = 17.4.33213.308
MinimumVisualStudioVersion = 10.0.40219.1
Project("{FAE04EC0-301F-11D3-BF4B-00C04F79EFBC}") = "Practice Project", "Practice Project\Practice Project.csproj", "{8F401204-397A-4FF2-8DA6-F6BF78E0A09E}"
EndProject
Global
	GlobalSection(SolutionConfigurationPlatforms) = preSolution
		Debug|Any CPU = Debug|Any CPU
		Release|Any CPU = Release|Any CPU
	EndGlobalSection
	GlobalSection(ProjectConfigurationPlatforms) = postSolution
		{8F401204-397A-4FF2-8DA6-F6BF78E0A09E}.Debug|Any CPU.ActiveCfg = Debug|Any CPU
		{8F401204-397A-4FF2-8DA6-F6BF78E0A09E}.Debug|Any CPU.Build.0 = Debug|Any CPU
		{8F401204-397A-4FF2-8DA6-F6BF78E0A09E}.Release|Any CPU.ActiveCfg = Release|Any CPU
		{8F401204-397A-4FF2-8DA6-F6BF78E0A09E}.Release|Any CPU.Build.0 = Release|Any CPU
	EndGlobalSection
	GlobalSection(SolutionProperties) = preSolution
		HideSolutionNode = FALSE
	EndGlobalSection
	GlobalSection(ExtensibilityGlobals) = postSolution
		SolutionGuid = {D3CC78B3-1369-4009-B267-5618B913F0EB}
	EndGlobalSection
EndGlobal
